
Microsoft Visual Studio Solution File, Format Version 12.00
# Visual Studio Version 17
VisualStudioVersion = 17.14.36705.20 d17.14
MinimumVisualStudioVersion = 10.0.40219.1
Project("{FAE04EC0-301F-11D3-BF4B-00C04F79EFBC}") = "TestApplication", "TestApplication.csproj", "{C01D219E-B867-45BE-B7DF-43F39942CA29}"
EndProject
Global
	GlobalSection(SolutionConfigurationPlatforms) = preSolution
		Debug|Any CPU = Debug|Any CPU
		Release|Any CPU = Release|Any CPU
	EndGlobalSection
	GlobalSection(ProjectConfigurationPlatforms) = postSolution
		{C01D219E-B867-45BE-B7DF-43F39942CA29}.Debug|Any CPU.ActiveCfg = Debug|Any CPU
		{C01D219E-B867-45BE-B7DF-43F39942CA29}.Debug|Any CPU.Build.0 = Debug|Any CPU
		{C01D219E-B867-45BE-B7DF-43F39942CA29}.Release|Any CPU.ActiveCfg = Release|Any CPU
		{C01D219E-B867-45BE-B7DF-43F39942CA29}.Release|Any CPU.Build.0 = Release|Any CPU
	EndGlobalSection
	GlobalSection(SolutionProperties) = preSolution
		HideSolutionNode = FALSE
	EndGlobalSection
	GlobalSection(ExtensibilityGlobals) = postSolution
		SolutionGuid = {E2DA7509-89ED-4FEA-853E-6BA3C5010AA3}
	EndGlobalSection
EndGlobal
